<Solution>
  <Project Path="Ch12_TheCompoundPattern/Ch12_TheCompoundPattern.csproj" />
  <Project Path="Ch11_TheProxyPattern/Ch11_TheProxyPattern.csproj" />
  <Project Path="Ch10_TheStatePattern/Ch10_TheStatePattern.csproj" Id="a1e6e18a-03a1-43aa-bd0e-0be2a14f8d9d" />
  <Project Path="Ch01_TheStrategyPattern/Ch01_TheStrategyPattern.csproj" />
  <Project Path="Ch02_TheObserverPattern/Ch02_TheObserverPattern.csproj" Id="6056e41b-59e0-40cc-8bb6-afc87f473762" />
  <Project Path="Ch3_TheDecoratorPattern/Ch3_TheDecoratorPattern.csproj" Id="6d832bea-c043-4850-a9ce-a0e6ce9c949a" />
  <Project Path="Ch4_TheFactoryPattern/Ch4_TheFactoryPattern.csproj" Id="02faf98d-3789-4586-b2e0-395caddf2c74" />
  <Project Path="Ch5_TheSingletonPattern/Ch5_TheSingletonPattern.csproj" Id="e4af5ff6-929c-472d-bdb7-ee5b3f7f6575" />
  <Project Path="Ch6_TheCommandPattern/Ch6_TheCommandPattern.csproj" Id="24ef9ec0-f91e-495a-ac23-ca6a7fb18bc2" />
  <Project Path="Ch7_A_TheAdapterPattern/Ch7_A_TheAdapterPattern.csproj" Id="ccd4a7c9-94a4-4bc1-9861-f818dbfa4b2b" />
  <Project Path="Ch7_B_TheFacadePattern/Ch7_B_TheFacadePattern.csproj" Id="b0d6d206-b4cf-4676-9514-ae60b48431cd" />
  <Project Path="Ch8_TheTemplateMethodPattern/Ch8_TheTemplateMethodPattern.csproj" Id="83c164f4-c489-41ce-aff8-db081e3fca57" />
  <Project Path="Ch9_A_TheIteratorPattern/Ch9_A_TheIteratorPattern.csproj" Id="129c6e9c-ba99-4215-b0e9-3aa4a871e280" />
  <Project Path="Ch9_B_TheCompositePattern/Ch9_B_TheCompositePattern.csproj" Id="1c0f301a-1d61-4619-b32d-9a2a827ca946" />
  <Project Path="Ch14_Appendix/Ch14_Appendix.csproj" />
</Solution>
